using System; // allows us to use classes from the System namespace.
// Empty line (improves readability, no effect on the program).
namespace HelloWorld // groups related code together.
{ // defines the beginning and end of a block of code.
    class Program //is the container for code. All C# code must be inside a class.
    {
        static void Main(string[] args) // the entry point of the program, where execution starts.
        {
            Console.WriteLine("Hello, World!"); // prints text to the console.
        }
    }
}
